// !$*UTF8*$!
{
	archiveVersion = 1;
	classes = {
	};
	objectVersion = 46;
	objects = {

/* Begin PBXBuildFile section */
		6C4608771DF39E2800622226 /* AppDelegate.swift in Sources */ = {isa = PBXBuildFile; fileRef = 6C4608761DF39E2800622226 /* AppDelegate.swift */; };
		6C4608791DF39E2800622226 /* MenuViewController.swift in Sources */ = {isa = PBXBuildFile; fileRef = 6C4608781DF39E2800622226 /* MenuViewController.swift */; };
		6C46087C1DF39E2800622226 /* Main.storyboard in Resources */ = {isa = PBXBuildFile; fileRef = 6C46087A1DF39E2800622226 /* Main.storyboard */; };
		6C46087E1DF39E2800622226 /* Assets.xcassets in Resources */ = {isa = PBXBuildFile; fileRef = 6C46087D1DF39E2800622226 /* Assets.xcassets */; };
		6C4608811DF39E2800622226 /* LaunchScreen.storyboard in Resources */ = {isa = PBXBuildFile; fileRef = 6C46087F1DF39E2800622226 /* LaunchScreen.storyboard */; };
		6C46088F1DF4AE1E00622226 /* RoundedButton.swift in Sources */ = {isa = PBXBuildFile; fileRef = 6C46088E1DF4AE1E00622226 /* RoundedButton.swift */; };
		6C4608911DF4B2B600622226 /* RoundedLabel.swift in Sources */ = {isa = PBXBuildFile; fileRef = 6C4608901DF4B2B600622226 /* RoundedLabel.swift */; };
/* End PBXBuildFile section */

/* Begin PBXFileReference section */
		6C4608731DF39E2800622226 /* Quizlr.app */ = {isa = PBXFileReference; explicitFileType = wrapper.application; includeInIndex = 0; path = Quizlr.app; sourceTree = BUILT_PRODUCTS_DIR; };
		6C4608761DF39E2800622226 /* AppDelegate.swift */ = {isa = PBXFileReference; lastKnownFileType = sourcecode.swift; path = AppDelegate.swift; sourceTree = "<group>"; };
		6C4608781DF39E2800622226 /* MenuViewController.swift */ = {isa = PBXFileReference; lastKnownFileType = sourcecode.swift; path = MenuViewController.swift; sourceTree = "<group>"; };
		6C46087B1DF39E2800622226 /* Base */ = {isa = PBXFileReference; lastKnownFileType = file.storyboard; name = Base; path = Base.lproj/Main.storyboard; sourceTree = "<group>"; };
		6C46087D1DF39E2800622226 /* Assets.xcassets */ = {isa = PBXFileReference; lastKnownFileType = folder.assetcatalog; path = Assets.xcassets; sourceTree = "<group>"; };
		6C4608801DF39E2800622226 /* Base */ = {isa = PBXFileReference; lastKnownFileType = file.storyboard; name = Base; path = Base.lproj/LaunchScreen.storyboard; sourceTree = "<group>"; };
		6C4608821DF39E2800622226 /* Info.plist */ = {isa = PBXFileReference; lastKnownFileType = text.plist.xml; path = Info.plist; sourceTree = "<group>"; };
		6C46088E1DF4AE1E00622226 /* RoundedButton.swift */ = {isa = PBXFileReference; fileEncoding = 4; lastKnownFileType = sourcecode.swift; name = RoundedButton.swift; path = Custom/RoundedButton.swift; sourceTree = "<group>"; };
		6C4608901DF4B2B600622226 /* RoundedLabel.swift */ = {isa = PBXFileReference; fileEncoding = 4; lastKnownFileType = sourcecode.swift; name = RoundedLabel.swift; path = Custom/RoundedLabel.swift; sourceTree = "<group>"; };
/* End PBXFileReference section */

/* Begin PBXFrameworksBuildPhase section */
		6C4608701DF39E2800622226 /* Frameworks */ = {
			isa = PBXFrameworksBuildPhase;
			buildActionMask = 2147483647;
			files = (
			);
			runOnlyForDeploymentPostprocessing = 0;
		};
/* End PBXFrameworksBuildPhase section */

/* Begin PBXGroup section */
		6C46086A1DF39E2800622226 = {
			isa = PBXGroup;
			children = (
				6C4608751DF39E2800622226 /* Quizlr */,
				6C4608741DF39E2800622226 /* Products */,
			);
			sourceTree = "<group>";
		};
		6C4608741DF39E2800622226 /* Products */ = {
			isa = PBXGroup;
			children = (
				6C4608731DF39E2800622226 /* Quizlr.app */,
			);
			name = Products;
			sourceTree = "<group>";
		};
		6C4608751DF39E2800622226 /* Quizlr */ = {
			isa = PBXGroup;
			children = (
				6C46088D1DF3A3FD00622226 /* Questions */,
				6C46088C1DF3A3EB00622226 /* Resource */,
				6C46088B1DF3A3E100622226 /* Custom */,
				6C46088A1DF3A3DB00622226 /* Controller */,
				6C4608891DF3A3D100622226 /* Template */,
				6C4608881DF3A3CA00622226 /* UI */,
			);
			path = Quizlr;
			sourceTree = "<group>";
		};
		6C4608881DF3A3CA00622226 /* UI */ = {
			isa = PBXGroup;
			children = (
				6C46087A1DF39E2800622226 /* Main.storyboard */,
				6C46087F1DF39E2800622226 /* LaunchScreen.storyboard */,
				6C46087D1DF39E2800622226 /* Assets.xcassets */,
			);
			name = UI;
			sourceTree = "<group>";
		};
		6C4608891DF3A3D100622226 /* Template */ = {
			isa = PBXGroup;
			children = (
				6C4608761DF39E2800622226 /* AppDelegate.swift */,
				6C4608821DF39E2800622226 /* Info.plist */,
			);
			name = Template;
			sourceTree = "<group>";
		};
		6C46088A1DF3A3DB00622226 /* Controller */ = {
			isa = PBXGroup;
			children = (
				6C4608781DF39E2800622226 /* MenuViewController.swift */,
			);
			name = Controller;
			sourceTree = "<group>";
		};
		6C46088B1DF3A3E100622226 /* Custom */ = {
			isa = PBXGroup;
			children = (
				6C46088E1DF4AE1E00622226 /* RoundedButton.swift */,
				6C4608901DF4B2B600622226 /* RoundedLabel.swift */,
			);
			name = Custom;
			sourceTree = "<group>";
		};
		6C46088C1DF3A3EB00622226 /* Resource */ = {
			isa = PBXGroup;
			children = (
			);
			name = Resource;
			sourceTree = "<group>";
		};
		6C46088D1DF3A3FD00622226 /* Questions */ = {
			isa = PBXGroup;
			children = (
			);
			name = Questions;
			sourceTree = "<group>";
		};
/* End PBXGroup section */

/* Begin PBXNativeTarget section */
		6C4608721DF39E2800622226 /* Quizlr */ = {
			isa = PBXNativeTarget;
			buildConfigurationList = 6C4608851DF39E2800622226 /* Build configuration list for PBXNativeTarget "Quizlr" */;
			buildPhases = (
				6C46086F1DF39E2800622226 /* Sources */,
				6C4608701DF39E2800622226 /* Frameworks */,
				6C4608711DF39E2800622226 /* Resources */,
			);
			buildRules = (
			);
			dependencies = (
			);
			name = Quizlr;
			productName = Quizlr;
			productReference = 6C4608731DF39E2800622226 /* Quizlr.app */;
			productType = "com.apple.product-type.application";
		};
/* End PBXNativeTarget section */

/* Begin PBXProject section */
		6C46086B1DF39E2800622226 /* Project object */ = {
			isa = PBXProject;
			attributes = {
				LastSwiftUpdateCheck = 0800;
				LastUpgradeCheck = 0800;
				ORGANIZATIONNAME = "Dulio Denis";
				TargetAttributes = {
					6C4608721DF39E2800622226 = {
						CreatedOnToolsVersion = 8.0;
						ProvisioningStyle = Manual;
					};
				};
			};
			buildConfigurationList = 6C46086E1DF39E2800622226 /* Build configuration list for PBXProject "Quizlr" */;
			compatibilityVersion = "Xcode 3.2";
			developmentRegion = English;
			hasScannedForEncodings = 0;
			knownRegions = (
				en,
				Base,
			);
			mainGroup = 6C46086A1DF39E2800622226;
			productRefGroup = 6C4608741DF39E2800622226 /* Products */;
			projectDirPath = "";
			projectRoot = "";
			targets = (
				6C4608721DF39E2800622226 /* Quizlr */,
			);
		};
/* End PBXProject section */

/* Begin PBXResourcesBuildPhase section */
		6C4608711DF39E2800622226 /* Resources */ = {
			isa = PBXResourcesBuildPhase;
			buildActionMask = 2147483647;
			files = (
				6C4608811DF39E2800622226 /* LaunchScreen.storyboard in Resources */,
				6C46087E1DF39E2800622226 /* Assets.xcassets in Resources */,
				6C46087C1DF39E2800622226 /* Main.storyboard in Resources */,
			);
			runOnlyForDeploymentPostprocessing = 0;
		};
/* End PBXResourcesBuildPhase section */

/* Begin PBXSourcesBuildPhase section */
		6C46086F1DF39E2800622226 /* Sources */ = {
			isa = PBXSourcesBuildPhase;
			buildActionMask = 2147483647;
			files = (
				6C4608791DF39E2800622226 /* MenuViewController.swift in Sources */,
				6C46088F1DF4AE1E00622226 /* RoundedButton.swift in Sources */,
				6C4608911DF4B2B600622226 /* RoundedLabel.swift in Sources */,
				6C4608771DF39E2800622226 /* AppDelegate.swift in Sources */,
			);
			runOnlyForDeploymentPostprocessing = 0;
		};
/* End PBXSourcesBuildPhase section */

/* Begin PBXVariantGroup section */
		6C46087A1DF39E2800622226 /* Main.storyboard */ = {
			isa = PBXVariantGroup;
			children = (
				6C46087B1DF39E2800622226 /* Base */,
			);
			name = Main.storyboard;
			sourceTree = "<group>";
		};
		6C46087F1DF39E2800622226 /* LaunchScreen.storyboard */ = {
			isa = PBXVariantGroup;
			children = (
				6C4608801DF39E2800622226 /* Base */,
			);
			name = LaunchScreen.storyboard;
			sourceTree = "<group>";
		};
/* End PBXVariantGroup section */

/* Begin XCBuildConfiguration section */
		6C4608831DF39E2800622226 /* Debug */ = {
			isa = XCBuildConfiguration;
			buildSettings = {
				ALWAYS_SEARCH_USER_PATHS = NO;
				CLANG_ANALYZER_NONNULL = YES;
				CLANG_CXX_LANGUAGE_STANDARD = "gnu++0x";
				CLANG_CXX_LIBRARY = "libc++";
				CLANG_ENABLE_MODULES = YES;
				CLANG_ENABLE_OBJC_ARC = YES;
				CLANG_WARN_BOOL_CONVERSION = YES;
				CLANG_WARN_CONSTANT_CONVERSION = YES;
				CLANG_WARN_DIRECT_OBJC_ISA_USAGE = YES_ERROR;
				CLANG_WARN_DOCUMENTATION_COMMENTS = YES;
				CLANG_WARN_EMPTY_BODY = YES;
				CLANG_WARN_ENUM_CONVERSION = YES;
				CLANG_WARN_INFINITE_RECURSION = YES;
				CLANG_WARN_INT_CONVERSION = YES;
				CLANG_WARN_OBJC_ROOT_CLASS = YES_ERROR;
				CLANG_WARN_SUSPICIOUS_MOVES = YES;
				CLANG_WARN_UNREACHABLE_CODE = YES;
				CLANG_WARN__DUPLICATE_METHOD_MATCH = YES;
				"CODE_SIGN_IDENTITY[sdk=iphoneos*]" = "iPhone Developer";
				COPY_PHASE_STRIP = NO;
				DEBUG_INFORMATION_FORMAT = dwarf;
				ENABLE_STRICT_OBJC_MSGSEND = YES;
				ENABLE_TESTABILITY = YES;
				GCC_C_LANGUAGE_STANDARD = gnu99;
				GCC_DYNAMIC_NO_PIC = NO;
				GCC_NO_COMMON_BLOCKS = YES;
				GCC_OPTIMIZATION_LEVEL = 0;
				GCC_PREPROCESSOR_DEFINITIONS = (
					"DEBUG=1",
					"$(inherited)",
				);
				GCC_WARN_64_TO_32_BIT_CONVERSION = YES;
				GCC_WARN_ABOUT_RETURN_TYPE = YES_ERROR;
				GCC_WARN_UNDECLARED_SELECTOR = YES;
				GCC_WARN_UNINITIALIZED_AUTOS = YES_AGGRESSIVE;
				GCC_WARN_UNUSED_FUNCTION = YES;
				GCC_WARN_UNUSED_VARIABLE = YES;
				IPHONEOS_DEPLOYMENT_TARGET = 10.0;
				MTL_ENABLE_DEBUG_INFO = YES;
				ONLY_ACTIVE_ARCH = YES;
				SDKROOT = iphoneos;
				SWIFT_ACTIVE_COMPILATION_CONDITIONS = DEBUG;
				SWIFT_OPTIMIZATION_LEVEL = "-Onone";
				TARGETED_DEVICE_FAMILY = "1,2";
			};
			name = Debug;
		};
		6C4608841DF39E2800622226 /* Release */ = {
			isa = XCBuildConfiguration;
			buildSettings = {
				ALWAYS_SEARCH_USER_PATHS = NO;
				CLANG_ANALYZER_NONNULL = YES;
				CLANG_CXX_LANGUAGE_STANDARD = "gnu++0x";
				CLANG_CXX_LIBRARY = "libc++";
				CLANG_ENABLE_MODULES = YES;
				CLANG_ENABLE_OBJC_ARC = YES;
				CLANG_WARN_BOOL_CONVERSION = YES;
				CLANG_WARN_CONSTANT_CONVERSION = YES;
				CLANG_WARN_DIRECT_OBJC_ISA_USAGE = YES_ERROR;
				CLANG_WARN_DOCUMENTATION_COMMENTS = YES;
				CLANG_WARN_EMPTY_BODY = YES;
				CLANG_WARN_ENUM_CONVERSION = YES;
				CLANG_WARN_INFINITE_RECURSION = YES;
				CLANG_WARN_INT_CONVERSION = YES;
				CLANG_WARN_OBJC_ROOT_CLASS = YES_ERROR;
				CLANG_WARN_SUSPICIOUS_MOVES = YES;
				CLANG_WARN_UNREACHABLE_CODE = YES;
				CLANG_WARN__DUPLICATE_METHOD_MATCH = YES;
				"CODE_SIGN_IDENTITY[sdk=iphoneos*]" = "iPhone Developer";
				COPY_PHASE_STRIP = NO;
				DEBUG_INFORMATION_FORMAT = "dwarf-with-dsym";
				ENABLE_NS_ASSERTIONS = NO;
				ENABLE_STRICT_OBJC_MSGSEND = YES;
				GCC_C_LANGUAGE_STANDARD = gnu99;
				GCC_NO_COMMON_BLOCKS = YES;
				GCC_WARN_64_TO_32_BIT_CONVERSION = YES;
				GCC_WARN_ABOUT_RETURN_TYPE = YES_ERROR;
				GCC_WARN_UNDECLARED_SELECTOR = YES;
				GCC_WARN_UNINITIALIZED_AUTOS = YES_AGGRESSIVE;
				GCC_WARN_UNUSED_FUNCTION = YES;
				GCC_WARN_UNUSED_VARIABLE = YES;
				IPHONEOS_DEPLOYMENT_TARGET = 10.0;
				MTL_ENABLE_DEBUG_INFO = NO;
				SDKROOT = iphoneos;
				SWIFT_OPTIMIZATION_LEVEL = "-Owholemodule";
				TARGETED_DEVICE_FAMILY = "1,2";
				VALIDATE_PRODUCT = YES;
			};
			name = Release;
		};
		6C4608861DF39E2800622226 /* Debug */ = {
			isa = XCBuildConfiguration;
			buildSettings = {
				ASSETCATALOG_COMPILER_APPICON_NAME = AppIcon;
				DEVELOPMENT_TEAM = "";
				INFOPLIST_FILE = Quizlr/Info.plist;
				LD_RUNPATH_SEARCH_PATHS = "$(inherited) @executable_path/Frameworks";
				PRODUCT_BUNDLE_IDENTIFIER = com.ddapps.Quizlr;
				PRODUCT_NAME = "$(TARGET_NAME)";
				SWIFT_VERSION = 3.0;
			};
			name = Debug;
		};
		6C4608871DF39E2800622226 /* Release */ = {
			isa = XCBuildConfiguration;
			buildSettings = {
				ASSETCATALOG_COMPILER_APPICON_NAME = AppIcon;
				DEVELOPMENT_TEAM = "";
				INFOPLIST_FILE = Quizlr/Info.plist;
				LD_RUNPATH_SEARCH_PATHS = "$(inherited) @executable_path/Frameworks";
				PRODUCT_BUNDLE_IDENTIFIER = com.ddapps.Quizlr;
				PRODUCT_NAME = "$(TARGET_NAME)";
				SWIFT_VERSION = 3.0;
			};
			name = Release;
		};
/* End XCBuildConfiguration section */

/* Begin XCConfigurationList section */
		6C46086E1DF39E2800622226 /* Build configuration list for PBXProject "Quizlr" */ = {
			isa = XCConfigurationList;
			buildConfigurations = (
				6C4608831DF39E2800622226 /* Debug */,
				6C4608841DF39E2800622226 /* Release */,
			);
			defaultConfigurationIsVisible = 0;
			defaultConfigurationName = Release;
		};
		6C4608851DF39E2800622226 /* Build configuration list for PBXNativeTarget "Quizlr" */ = {
			isa = XCConfigurationList;
			buildConfigurations = (
				6C4608861DF39E2800622226 /* Debug */,
				6C4608871DF39E2800622226 /* Release */,
			);
			defaultConfigurationIsVisible = 0;
			defaultConfigurationName = Release;
		};
/* End XCConfigurationList section */
	};
	rootObject = 6C46086B1DF39E2800622226 /* Project object */;
}
